
Microsoft Visual Studio Solution File, Format Version 12.00
# Visual Studio Version 17
VisualStudioVersion = 17.14.37012.4 d17.14
MinimumVisualStudioVersion = 10.0.40219.1
Project("{FAE04EC0-301F-11D3-BF4B-00C04F79EFBC}") = "LKM_PAA", "LKM_PAA\LKM_PAA.csproj", "{03014BDE-355E-43CB-92F8-107F12A1C78C}"
EndProject
Global
	GlobalSection(SolutionConfigurationPlatforms) = preSolution
		Debug|Any CPU = Debug|Any CPU
		Release|Any CPU = Release|Any CPU
	EndGlobalSection
	GlobalSection(ProjectConfigurationPlatforms) = postSolution
		{03014BDE-355E-43CB-92F8-107F12A1C78C}.Debug|Any CPU.ActiveCfg = Debug|Any CPU
		{03014BDE-355E-43CB-92F8-107F12A1C78C}.Debug|Any CPU.Build.0 = Debug|Any CPU
		{03014BDE-355E-43CB-92F8-107F12A1C78C}.Release|Any CPU.ActiveCfg = Release|Any CPU
		{03014BDE-355E-43CB-92F8-107F12A1C78C}.Release|Any CPU.Build.0 = Release|Any CPU
	EndGlobalSection
	GlobalSection(SolutionProperties) = preSolution
		HideSolutionNode = FALSE
	EndGlobalSection
	GlobalSection(ExtensibilityGlobals) = postSolution
		SolutionGuid = {3F63E502-025E-4C6D-99D9-4B6242BF43CB}
	EndGlobalSection
EndGlobal
